
Microsoft Visual Studio Solution File, Format Version 12.00
# Visual Studio Version 17
VisualStudioVersion = 17.0.31903.59
MinimumVisualStudioVersion = 10.0.40219.1
Project("{FAE04EC0-301F-11D3-BF4B-00C04F79EFBC}") = "TankWatch.Infrastructure", "TankWatch.Infrastructure\TankWatch.Infrastructure.csproj", "{32A96634-F0E6-4709-B066-6CFB00833353}"
EndProject
Project("{FAE04EC0-301F-11D3-BF4B-00C04F79EFBC}") = "TankWatch.Core", "TankWatch.Core\TankWatch.Core.csproj", "{74D58342-06D5-441F-B44C-7B0877C1A731}"
EndProject
Project("{FAE04EC0-301F-11D3-BF4B-00C04F79EFBC}") = "TankWatch.API", "TankWatch.API\TankWatch.API.csproj", "{905C3506-7B69-4620-B4F4-D37F214E6240}"
EndProject
Global
	GlobalSection(SolutionConfigurationPlatforms) = preSolution
		Debug|Any CPU = Debug|Any CPU
		Release|Any CPU = Release|Any CPU
	EndGlobalSection
	GlobalSection(SolutionProperties) = preSolution
		HideSolutionNode = FALSE
	EndGlobalSection
	GlobalSection(ProjectConfigurationPlatforms) = postSolution
		{32A96634-F0E6-4709-B066-6CFB00833353}.Debug|Any CPU.ActiveCfg = Debug|Any CPU
		{32A96634-F0E6-4709-B066-6CFB00833353}.Debug|Any CPU.Build.0 = Debug|Any CPU
		{32A96634-F0E6-4709-B066-6CFB00833353}.Release|Any CPU.ActiveCfg = Release|Any CPU
		{32A96634-F0E6-4709-B066-6CFB00833353}.Release|Any CPU.Build.0 = Release|Any CPU
		{74D58342-06D5-441F-B44C-7B0877C1A731}.Debug|Any CPU.ActiveCfg = Debug|Any CPU
		{74D58342-06D5-441F-B44C-7B0877C1A731}.Debug|Any CPU.Build.0 = Debug|Any CPU
		{74D58342-06D5-441F-B44C-7B0877C1A731}.Release|Any CPU.ActiveCfg = Release|Any CPU
		{74D58342-06D5-441F-B44C-7B0877C1A731}.Release|Any CPU.Build.0 = Release|Any CPU
		{905C3506-7B69-4620-B4F4-D37F214E6240}.Debug|Any CPU.ActiveCfg = Debug|Any CPU
		{905C3506-7B69-4620-B4F4-D37F214E6240}.Debug|Any CPU.Build.0 = Debug|Any CPU
		{905C3506-7B69-4620-B4F4-D37F214E6240}.Release|Any CPU.ActiveCfg = Release|Any CPU
		{905C3506-7B69-4620-B4F4-D37F214E6240}.Release|Any CPU.Build.0 = Release|Any CPU
	EndGlobalSection
EndGlobal
